// !$*UTF8*$!
{
	archiveVersion = 1;
	classes = {
	};
	objectVersion = 46;
	objects = {

/* Begin PBXBuildFile section */
		7A1E686B199D5F2300C6F2A2 /* AppDelegate.swift in Sources */ = {isa = PBXBuildFile; fileRef = 7A1E686A199D5F2300C6F2A2 /* AppDelegate.swift */; };
		7A1E686E199D5F2300C6F2A2 /* firebasetest.xcdatamodeld in Sources */ = {isa = PBXBuildFile; fileRef = 7A1E686C199D5F2300C6F2A2 /* firebasetest.xcdatamodeld */; };
		7A1E6870199D5F2300C6F2A2 /* ViewController.swift in Sources */ = {isa = PBXBuildFile; fileRef = 7A1E686F199D5F2300C6F2A2 /* ViewController.swift */; };
		7A1E6873199D5F2300C6F2A2 /* Main.storyboard in Resources */ = {isa = PBXBuildFile; fileRef = 7A1E6871199D5F2300C6F2A2 /* Main.storyboard */; };
		7A1E6875199D5F2300C6F2A2 /* Images.xcassets in Resources */ = {isa = PBXBuildFile; fileRef = 7A1E6874199D5F2300C6F2A2 /* Images.xcassets */; };
		7A1E6881199D5F2300C6F2A2 /* firebasetestTests.swift in Sources */ = {isa = PBXBuildFile; fileRef = 7A1E6880199D5F2300C6F2A2 /* firebasetestTests.swift */; };
		7A1E688B199D602100C6F2A2 /* Firebase.framework in Frameworks */ = {isa = PBXBuildFile; fileRef = 7A1E688A199D602100C6F2A2 /* Firebase.framework */; };
		7A1E688D199D612800C6F2A2 /* libicucore.dylib in Frameworks */ = {isa = PBXBuildFile; fileRef = 7A1E688C199D612800C6F2A2 /* libicucore.dylib */; };
		7A1E688F199D612F00C6F2A2 /* libc++.dylib in Frameworks */ = {isa = PBXBuildFile; fileRef = 7A1E688E199D612F00C6F2A2 /* libc++.dylib */; };
		7A1E6891199D613800C6F2A2 /* CFNetwork.framework in Frameworks */ = {isa = PBXBuildFile; fileRef = 7A1E6890199D613800C6F2A2 /* CFNetwork.framework */; };
		7A1E6893199D614000C6F2A2 /* Security.framework in Frameworks */ = {isa = PBXBuildFile; fileRef = 7A1E6892199D614000C6F2A2 /* Security.framework */; };
		7A1E6895199D614B00C6F2A2 /* SystemConfiguration.framework in Frameworks */ = {isa = PBXBuildFile; fileRef = 7A1E6894199D614B00C6F2A2 /* SystemConfiguration.framework */; };
		7A72D32E199D7FC70041315E /* FirebaseModel.swift in Sources */ = {isa = PBXBuildFile; fileRef = 7A72D32D199D7FC70041315E /* FirebaseModel.swift */; };
		7A72D331199E92540041315E /* LandingPageViewController.swift in Sources */ = {isa = PBXBuildFile; fileRef = 7A72D330199E92540041315E /* LandingPageViewController.swift */; };
		7A72D333199E92750041315E /* SignUpViewController.swift in Sources */ = {isa = PBXBuildFile; fileRef = 7A72D332199E92750041315E /* SignUpViewController.swift */; };
/* End PBXBuildFile section */

/* Begin PBXContainerItemProxy section */
		7A1E687B199D5F2300C6F2A2 /* PBXContainerItemProxy */ = {
			isa = PBXContainerItemProxy;
			containerPortal = 7A1E685D199D5F2200C6F2A2 /* Project object */;
			proxyType = 1;
			remoteGlobalIDString = 7A1E6864199D5F2200C6F2A2;
			remoteInfo = firebasetest;
		};
/* End PBXContainerItemProxy section */

/* Begin PBXFileReference section */
		7A1E6865199D5F2200C6F2A2 /* firebasetest.app */ = {isa = PBXFileReference; explicitFileType = wrapper.application; includeInIndex = 0; path = firebasetest.app; sourceTree = BUILT_PRODUCTS_DIR; };
		7A1E6869199D5F2300C6F2A2 /* Info.plist */ = {isa = PBXFileReference; lastKnownFileType = text.plist.xml; path = Info.plist; sourceTree = "<group>"; };
		7A1E686A199D5F2300C6F2A2 /* AppDelegate.swift */ = {isa = PBXFileReference; lastKnownFileType = sourcecode.swift; path = AppDelegate.swift; sourceTree = "<group>"; };
		7A1E686D199D5F2300C6F2A2 /* firebasetest.xcdatamodel */ = {isa = PBXFileReference; lastKnownFileType = wrapper.xcdatamodel; path = firebasetest.xcdatamodel; sourceTree = "<group>"; };
		7A1E686F199D5F2300C6F2A2 /* ViewController.swift */ = {isa = PBXFileReference; lastKnownFileType = sourcecode.swift; path = ViewController.swift; sourceTree = "<group>"; };
		7A1E6872199D5F2300C6F2A2 /* Base */ = {isa = PBXFileReference; lastKnownFileType = file.storyboard; name = Base; path = Base.lproj/Main.storyboard; sourceTree = "<group>"; };
		7A1E6874199D5F2300C6F2A2 /* Images.xcassets */ = {isa = PBXFileReference; lastKnownFileType = folder.assetcatalog; path = Images.xcassets; sourceTree = "<group>"; };
		7A1E687A199D5F2300C6F2A2 /* firebasetestTests.xctest */ = {isa = PBXFileReference; explicitFileType = wrapper.cfbundle; includeInIndex = 0; path = firebasetestTests.xctest; sourceTree = BUILT_PRODUCTS_DIR; };
		7A1E687F199D5F2300C6F2A2 /* Info.plist */ = {isa = PBXFileReference; lastKnownFileType = text.plist.xml; path = Info.plist; sourceTree = "<group>"; };
		7A1E6880199D5F2300C6F2A2 /* firebasetestTests.swift */ = {isa = PBXFileReference; lastKnownFileType = sourcecode.swift; path = firebasetestTests.swift; sourceTree = "<group>"; };
		7A1E688A199D602100C6F2A2 /* Firebase.framework */ = {isa = PBXFileReference; lastKnownFileType = wrapper.framework; name = Firebase.framework; path = ../../SDKs/Firebase.framework; sourceTree = "<group>"; };
		7A1E688C199D612800C6F2A2 /* libicucore.dylib */ = {isa = PBXFileReference; lastKnownFileType = "compiled.mach-o.dylib"; name = libicucore.dylib; path = usr/lib/libicucore.dylib; sourceTree = SDKROOT; };
		7A1E688E199D612F00C6F2A2 /* libc++.dylib */ = {isa = PBXFileReference; lastKnownFileType = "compiled.mach-o.dylib"; name = "libc++.dylib"; path = "usr/lib/libc++.dylib"; sourceTree = SDKROOT; };
		7A1E6890199D613800C6F2A2 /* CFNetwork.framework */ = {isa = PBXFileReference; lastKnownFileType = wrapper.framework; name = CFNetwork.framework; path = System/Library/Frameworks/CFNetwork.framework; sourceTree = SDKROOT; };
		7A1E6892199D614000C6F2A2 /* Security.framework */ = {isa = PBXFileReference; lastKnownFileType = wrapper.framework; name = Security.framework; path = System/Library/Frameworks/Security.framework; sourceTree = SDKROOT; };
		7A1E6894199D614B00C6F2A2 /* SystemConfiguration.framework */ = {isa = PBXFileReference; lastKnownFileType = wrapper.framework; name = SystemConfiguration.framework; path = System/Library/Frameworks/SystemConfiguration.framework; sourceTree = SDKROOT; };
		7A1E6896199D617300C6F2A2 /* firebasetest-Bridging-Header.h */ = {isa = PBXFileReference; lastKnownFileType = sourcecode.c.h; path = "firebasetest-Bridging-Header.h"; sourceTree = "<group>"; };
		7A72D32D199D7FC70041315E /* FirebaseModel.swift */ = {isa = PBXFileReference; fileEncoding = 4; lastKnownFileType = sourcecode.swift; path = FirebaseModel.swift; sourceTree = "<group>"; };
		7A72D330199E92540041315E /* LandingPageViewController.swift */ = {isa = PBXFileReference; fileEncoding = 4; lastKnownFileType = sourcecode.swift; path = LandingPageViewController.swift; sourceTree = "<group>"; };
		7A72D332199E92750041315E /* SignUpViewController.swift */ = {isa = PBXFileReference; fileEncoding = 4; lastKnownFileType = sourcecode.swift; path = SignUpViewController.swift; sourceTree = "<group>"; };
/* End PBXFileReference section */

/* Begin PBXFrameworksBuildPhase section */
		7A1E6862199D5F2200C6F2A2 /* Frameworks */ = {
			isa = PBXFrameworksBuildPhase;
			buildActionMask = 2147483647;
			files = (
				7A1E6895199D614B00C6F2A2 /* SystemConfiguration.framework in Frameworks */,
				7A1E6893199D614000C6F2A2 /* Security.framework in Frameworks */,
				7A1E6891199D613800C6F2A2 /* CFNetwork.framework in Frameworks */,
				7A1E688F199D612F00C6F2A2 /* libc++.dylib in Frameworks */,
				7A1E688D199D612800C6F2A2 /* libicucore.dylib in Frameworks */,
				7A1E688B199D602100C6F2A2 /* Firebase.framework in Frameworks */,
			);
			runOnlyForDeploymentPostprocessing = 0;
		};
		7A1E6877199D5F2300C6F2A2 /* Frameworks */ = {
			isa = PBXFrameworksBuildPhase;
			buildActionMask = 2147483647;
			files = (
			);
			runOnlyForDeploymentPostprocessing = 0;
		};
/* End PBXFrameworksBuildPhase section */

/* Begin PBXGroup section */
		7A1E685C199D5F2200C6F2A2 = {
			isa = PBXGroup;
			children = (
				7A1E6894199D614B00C6F2A2 /* SystemConfiguration.framework */,
				7A1E6892199D614000C6F2A2 /* Security.framework */,
				7A1E6890199D613800C6F2A2 /* CFNetwork.framework */,
				7A1E688E199D612F00C6F2A2 /* libc++.dylib */,
				7A1E688C199D612800C6F2A2 /* libicucore.dylib */,
				7A1E688A199D602100C6F2A2 /* Firebase.framework */,
				7A1E6867199D5F2300C6F2A2 /* firebasetest */,
				7A1E687D199D5F2300C6F2A2 /* firebasetestTests */,
				7A1E6866199D5F2200C6F2A2 /* Products */,
				7A1E6896199D617300C6F2A2 /* firebasetest-Bridging-Header.h */,
			);
			sourceTree = "<group>";
		};
		7A1E6866199D5F2200C6F2A2 /* Products */ = {
			isa = PBXGroup;
			children = (
				7A1E6865199D5F2200C6F2A2 /* firebasetest.app */,
				7A1E687A199D5F2300C6F2A2 /* firebasetestTests.xctest */,
			);
			name = Products;
			sourceTree = "<group>";
		};
		7A1E6867199D5F2300C6F2A2 /* firebasetest */ = {
			isa = PBXGroup;
			children = (
				7A72D32F199E91ED0041315E /* Controllers */,
				7A72D32C199D7FAF0041315E /* Models */,
				7A1E686A199D5F2300C6F2A2 /* AppDelegate.swift */,
				7A1E6871199D5F2300C6F2A2 /* Main.storyboard */,
				7A1E6874199D5F2300C6F2A2 /* Images.xcassets */,
				7A1E686C199D5F2300C6F2A2 /* firebasetest.xcdatamodeld */,
				7A1E6868199D5F2300C6F2A2 /* Supporting Files */,
			);
			path = firebasetest;
			sourceTree = "<group>";
		};
		7A1E6868199D5F2300C6F2A2 /* Supporting Files */ = {
			isa = PBXGroup;
			children = (
				7A1E6869199D5F2300C6F2A2 /* Info.plist */,
			);
			name = "Supporting Files";
			sourceTree = "<group>";
		};
		7A1E687D199D5F2300C6F2A2 /* firebasetestTests */ = {
			isa = PBXGroup;
			children = (
				7A1E6880199D5F2300C6F2A2 /* firebasetestTests.swift */,
				7A1E687E199D5F2300C6F2A2 /* Supporting Files */,
			);
			path = firebasetestTests;
			sourceTree = "<group>";
		};
		7A1E687E199D5F2300C6F2A2 /* Supporting Files */ = {
			isa = PBXGroup;
			children = (
				7A1E687F199D5F2300C6F2A2 /* Info.plist */,
			);
			name = "Supporting Files";
			sourceTree = "<group>";
		};
		7A72D32C199D7FAF0041315E /* Models */ = {
			isa = PBXGroup;
			children = (
				7A72D32D199D7FC70041315E /* FirebaseModel.swift */,
			);
			name = Models;
			sourceTree = "<group>";
		};
		7A72D32F199E91ED0041315E /* Controllers */ = {
			isa = PBXGroup;
			children = (
				7A1E686F199D5F2300C6F2A2 /* ViewController.swift */,
				7A72D330199E92540041315E /* LandingPageViewController.swift */,
				7A72D332199E92750041315E /* SignUpViewController.swift */,
			);
			name = Controllers;
			sourceTree = "<group>";
		};
/* End PBXGroup section */

/* Begin PBXNativeTarget section */
		7A1E6864199D5F2200C6F2A2 /* firebasetest */ = {
			isa = PBXNativeTarget;
			buildConfigurationList = 7A1E6884199D5F2300C6F2A2 /* Build configuration list for PBXNativeTarget "firebasetest" */;
			buildPhases = (
				7A1E6861199D5F2200C6F2A2 /* Sources */,
				7A1E6862199D5F2200C6F2A2 /* Frameworks */,
				7A1E6863199D5F2200C6F2A2 /* Resources */,
			);
			buildRules = (
			);
			dependencies = (
			);
			name = firebasetest;
			productName = firebasetest;
			productReference = 7A1E6865199D5F2200C6F2A2 /* firebasetest.app */;
			productType = "com.apple.product-type.application";
		};
		7A1E6879199D5F2300C6F2A2 /* firebasetestTests */ = {
			isa = PBXNativeTarget;
			buildConfigurationList = 7A1E6887199D5F2300C6F2A2 /* Build configuration list for PBXNativeTarget "firebasetestTests" */;
			buildPhases = (
				7A1E6876199D5F2300C6F2A2 /* Sources */,
				7A1E6877199D5F2300C6F2A2 /* Frameworks */,
				7A1E6878199D5F2300C6F2A2 /* Resources */,
			);
			buildRules = (
			);
			dependencies = (
				7A1E687C199D5F2300C6F2A2 /* PBXTargetDependency */,
			);
			name = firebasetestTests;
			productName = firebasetestTests;
			productReference = 7A1E687A199D5F2300C6F2A2 /* firebasetestTests.xctest */;
			productType = "com.apple.product-type.bundle.unit-test";
		};
/* End PBXNativeTarget section */

/* Begin PBXProject section */
		7A1E685D199D5F2200C6F2A2 /* Project object */ = {
			isa = PBXProject;
			attributes = {
				LastUpgradeCheck = 0600;
				ORGANIZATIONNAME = "John Doty";
				TargetAttributes = {
					7A1E6864199D5F2200C6F2A2 = {
						CreatedOnToolsVersion = 6.0;
					};
					7A1E6879199D5F2300C6F2A2 = {
						CreatedOnToolsVersion = 6.0;
						TestTargetID = 7A1E6864199D5F2200C6F2A2;
					};
				};
			};
			buildConfigurationList = 7A1E6860199D5F2200C6F2A2 /* Build configuration list for PBXProject "firebasetest" */;
			compatibilityVersion = "Xcode 3.2";
			developmentRegion = English;
			hasScannedForEncodings = 0;
			knownRegions = (
				en,
				Base,
			);
			mainGroup = 7A1E685C199D5F2200C6F2A2;
			productRefGroup = 7A1E6866199D5F2200C6F2A2 /* Products */;
			projectDirPath = "";
			projectRoot = "";
			targets = (
				7A1E6864199D5F2200C6F2A2 /* firebasetest */,
				7A1E6879199D5F2300C6F2A2 /* firebasetestTests */,
			);
		};
/* End PBXProject section */

/* Begin PBXResourcesBuildPhase section */
		7A1E6863199D5F2200C6F2A2 /* Resources */ = {
			isa = PBXResourcesBuildPhase;
			buildActionMask = 2147483647;
			files = (
				7A1E6873199D5F2300C6F2A2 /* Main.storyboard in Resources */,
				7A1E6875199D5F2300C6F2A2 /* Images.xcassets in Resources */,
			);
			runOnlyForDeploymentPostprocessing = 0;
		};
		7A1E6878199D5F2300C6F2A2 /* Resources */ = {
			isa = PBXResourcesBuildPhase;
			buildActionMask = 2147483647;
			files = (
			);
			runOnlyForDeploymentPostprocessing = 0;
		};
/* End PBXResourcesBuildPhase section */

/* Begin PBXSourcesBuildPhase section */
		7A1E6861199D5F2200C6F2A2 /* Sources */ = {
			isa = PBXSourcesBuildPhase;
			buildActionMask = 2147483647;
			files = (
				7A72D333199E92750041315E /* SignUpViewController.swift in Sources */,
				7A72D331199E92540041315E /* LandingPageViewController.swift in Sources */,
				7A72D32E199D7FC70041315E /* FirebaseModel.swift in Sources */,
				7A1E6870199D5F2300C6F2A2 /* ViewController.swift in Sources */,
				7A1E686E199D5F2300C6F2A2 /* firebasetest.xcdatamodeld in Sources */,
				7A1E686B199D5F2300C6F2A2 /* AppDelegate.swift in Sources */,
			);
			runOnlyForDeploymentPostprocessing = 0;
		};
		7A1E6876199D5F2300C6F2A2 /* Sources */ = {
			isa = PBXSourcesBuildPhase;
			buildActionMask = 2147483647;
			files = (
				7A1E6881199D5F2300C6F2A2 /* firebasetestTests.swift in Sources */,
			);
			runOnlyForDeploymentPostprocessing = 0;
		};
/* End PBXSourcesBuildPhase section */

/* Begin PBXTargetDependency section */
		7A1E687C199D5F2300C6F2A2 /* PBXTargetDependency */ = {
			isa = PBXTargetDependency;
			target = 7A1E6864199D5F2200C6F2A2 /* firebasetest */;
			targetProxy = 7A1E687B199D5F2300C6F2A2 /* PBXContainerItemProxy */;
		};
/* End PBXTargetDependency section */

/* Begin PBXVariantGroup section */
		7A1E6871199D5F2300C6F2A2 /* Main.storyboard */ = {
			isa = PBXVariantGroup;
			children = (
				7A1E6872199D5F2300C6F2A2 /* Base */,
			);
			name = Main.storyboard;
			sourceTree = "<group>";
		};
/* End PBXVariantGroup section */

/* Begin XCBuildConfiguration section */
		7A1E6882199D5F2300C6F2A2 /* Debug */ = {
			isa = XCBuildConfiguration;
			buildSettings = {
				ALWAYS_SEARCH_USER_PATHS = NO;
				CLANG_CXX_LANGUAGE_STANDARD = "gnu++0x";
				CLANG_CXX_LIBRARY = "libc++";
				CLANG_ENABLE_MODULES = YES;
				CLANG_ENABLE_OBJC_ARC = YES;
				CLANG_WARN_BOOL_CONVERSION = YES;
				CLANG_WARN_CONSTANT_CONVERSION = YES;
				CLANG_WARN_DIRECT_OBJC_ISA_USAGE = YES_ERROR;
				CLANG_WARN_EMPTY_BODY = YES;
				CLANG_WARN_ENUM_CONVERSION = YES;
				CLANG_WARN_INT_CONVERSION = YES;
				CLANG_WARN_OBJC_ROOT_CLASS = YES_ERROR;
				CLANG_WARN_UNREACHABLE_CODE = YES;
				CLANG_WARN__DUPLICATE_METHOD_MATCH = YES;
				"CODE_SIGN_IDENTITY[sdk=iphoneos*]" = "iPhone Developer";
				COPY_PHASE_STRIP = NO;
				ENABLE_STRICT_OBJC_MSGSEND = YES;
				GCC_C_LANGUAGE_STANDARD = gnu99;
				GCC_DYNAMIC_NO_PIC = NO;
				GCC_OPTIMIZATION_LEVEL = 0;
				GCC_PREPROCESSOR_DEFINITIONS = (
					"DEBUG=1",
					"$(inherited)",
				);
				GCC_SYMBOLS_PRIVATE_EXTERN = NO;
				GCC_WARN_64_TO_32_BIT_CONVERSION = YES;
				GCC_WARN_ABOUT_RETURN_TYPE = YES_ERROR;
				GCC_WARN_UNDECLARED_SELECTOR = YES;
				GCC_WARN_UNINITIALIZED_AUTOS = YES_AGGRESSIVE;
				GCC_WARN_UNUSED_FUNCTION = YES;
				GCC_WARN_UNUSED_VARIABLE = YES;
				IPHONEOS_DEPLOYMENT_TARGET = 8.0;
				MTL_ENABLE_DEBUG_INFO = YES;
				ONLY_ACTIVE_ARCH = YES;
				SDKROOT = iphoneos;
				SWIFT_OPTIMIZATION_LEVEL = "-Onone";
			};
			name = Debug;
		};
		7A1E6883199D5F2300C6F2A2 /* Release */ = {
			isa = XCBuildConfiguration;
			buildSettings = {
				ALWAYS_SEARCH_USER_PATHS = NO;
				CLANG_CXX_LANGUAGE_STANDARD = "gnu++0x";
				CLANG_CXX_LIBRARY = "libc++";
				CLANG_ENABLE_MODULES = YES;
				CLANG_ENABLE_OBJC_ARC = YES;
				CLANG_WARN_BOOL_CONVERSION = YES;
				CLANG_WARN_CONSTANT_CONVERSION = YES;
				CLANG_WARN_DIRECT_OBJC_ISA_USAGE = YES_ERROR;
				CLANG_WARN_EMPTY_BODY = YES;
				CLANG_WARN_ENUM_CONVERSION = YES;
				CLANG_WARN_INT_CONVERSION = YES;
				CLANG_WARN_OBJC_ROOT_CLASS = YES_ERROR;
				CLANG_WARN_UNREACHABLE_CODE = YES;
				CLANG_WARN__DUPLICATE_METHOD_MATCH = YES;
				"CODE_SIGN_IDENTITY[sdk=iphoneos*]" = "iPhone Developer";
				COPY_PHASE_STRIP = YES;
				ENABLE_NS_ASSERTIONS = NO;
				ENABLE_STRICT_OBJC_MSGSEND = YES;
				GCC_C_LANGUAGE_STANDARD = gnu99;
				GCC_WARN_64_TO_32_BIT_CONVERSION = YES;
				GCC_WARN_ABOUT_RETURN_TYPE = YES_ERROR;
				GCC_WARN_UNDECLARED_SELECTOR = YES;
				GCC_WARN_UNINITIALIZED_AUTOS = YES_AGGRESSIVE;
				GCC_WARN_UNUSED_FUNCTION = YES;
				GCC_WARN_UNUSED_VARIABLE = YES;
				IPHONEOS_DEPLOYMENT_TARGET = 8.0;
				MTL_ENABLE_DEBUG_INFO = NO;
				SDKROOT = iphoneos;
				VALIDATE_PRODUCT = YES;
			};
			name = Release;
		};
		7A1E6885199D5F2300C6F2A2 /* Debug */ = {
			isa = XCBuildConfiguration;
			buildSettings = {
				ASSETCATALOG_COMPILER_APPICON_NAME = AppIcon;
				ASSETCATALOG_COMPILER_LAUNCHIMAGE_NAME = LaunchImage;
				CLANG_ENABLE_MODULES = YES;
				FRAMEWORK_SEARCH_PATHS = (
					"$(inherited)",
					/Users/johndoty/Desktop/Swift/SDKs,
				);
				INFOPLIST_FILE = firebasetest/Info.plist;
				IPHONEOS_DEPLOYMENT_TARGET = 7.1;
				LD_RUNPATH_SEARCH_PATHS = "$(inherited) @executable_path/Frameworks";
				OTHER_LDFLAGS = "-ObjC";
				PRODUCT_NAME = "$(TARGET_NAME)";
				SWIFT_OBJC_BRIDGING_HEADER = "firebasetest-Bridging-Header.h";
				SWIFT_OPTIMIZATION_LEVEL = "-Onone";
			};
			name = Debug;
		};
		7A1E6886199D5F2300C6F2A2 /* Release */ = {
			isa = XCBuildConfiguration;
			buildSettings = {
				ASSETCATALOG_COMPILER_APPICON_NAME = AppIcon;
				ASSETCATALOG_COMPILER_LAUNCHIMAGE_NAME = LaunchImage;
				CLANG_ENABLE_MODULES = YES;
				FRAMEWORK_SEARCH_PATHS = (
					"$(inherited)",
					/Users/johndoty/Desktop/Swift/SDKs,
				);
				INFOPLIST_FILE = firebasetest/Info.plist;
				IPHONEOS_DEPLOYMENT_TARGET = 7.1;
				LD_RUNPATH_SEARCH_PATHS = "$(inherited) @executable_path/Frameworks";
				OTHER_LDFLAGS = "-ObjC";
				PRODUCT_NAME = "$(TARGET_NAME)";
				SWIFT_OBJC_BRIDGING_HEADER = "firebasetest-Bridging-Header.h";
			};
			name = Release;
		};
		7A1E6888199D5F2300C6F2A2 /* Debug */ = {
			isa = XCBuildConfiguration;
			buildSettings = {
				BUNDLE_LOADER = "$(TEST_HOST)";
				FRAMEWORK_SEARCH_PATHS = (
					"$(SDKROOT)/Developer/Library/Frameworks",
					"$(inherited)",
				);
				GCC_PREPROCESSOR_DEFINITIONS = (
					"DEBUG=1",
					"$(inherited)",
				);
				INFOPLIST_FILE = firebasetestTests/Info.plist;
				LD_RUNPATH_SEARCH_PATHS = "$(inherited) @executable_path/Frameworks @loader_path/Frameworks";
				PRODUCT_NAME = "$(TARGET_NAME)";
				TEST_HOST = "$(BUILT_PRODUCTS_DIR)/firebasetest.app/firebasetest";
			};
			name = Debug;
		};
		7A1E6889199D5F2300C6F2A2 /* Release */ = {
			isa = XCBuildConfiguration;
			buildSettings = {
				BUNDLE_LOADER = "$(TEST_HOST)";
				FRAMEWORK_SEARCH_PATHS = (
					"$(SDKROOT)/Developer/Library/Frameworks",
					"$(inherited)",
				);
				INFOPLIST_FILE = firebasetestTests/Info.plist;
				LD_RUNPATH_SEARCH_PATHS = "$(inherited) @executable_path/Frameworks @loader_path/Frameworks";
				PRODUCT_NAME = "$(TARGET_NAME)";
				TEST_HOST = "$(BUILT_PRODUCTS_DIR)/firebasetest.app/firebasetest";
			};
			name = Release;
		};
/* End XCBuildConfiguration section */

/* Begin XCConfigurationList section */
		7A1E6860199D5F2200C6F2A2 /* Build configuration list for PBXProject "firebasetest" */ = {
			isa = XCConfigurationList;
			buildConfigurations = (
				7A1E6882199D5F2300C6F2A2 /* Debug */,
				7A1E6883199D5F2300C6F2A2 /* Release */,
			);
			defaultConfigurationIsVisible = 0;
			defaultConfigurationName = Release;
		};
		7A1E6884199D5F2300C6F2A2 /* Build configuration list for PBXNativeTarget "firebasetest" */ = {
			isa = XCConfigurationList;
			buildConfigurations = (
				7A1E6885199D5F2300C6F2A2 /* Debug */,
				7A1E6886199D5F2300C6F2A2 /* Release */,
			);
			defaultConfigurationIsVisible = 0;
			defaultConfigurationName = Release;
		};
		7A1E6887199D5F2300C6F2A2 /* Build configuration list for PBXNativeTarget "firebasetestTests" */ = {
			isa = XCConfigurationList;
			buildConfigurations = (
				7A1E6888199D5F2300C6F2A2 /* Debug */,
				7A1E6889199D5F2300C6F2A2 /* Release */,
			);
			defaultConfigurationIsVisible = 0;
			defaultConfigurationName = Release;
		};
/* End XCConfigurationList section */

/* Begin XCVersionGroup section */
		7A1E686C199D5F2300C6F2A2 /* firebasetest.xcdatamodeld */ = {
			isa = XCVersionGroup;
			children = (
				7A1E686D199D5F2300C6F2A2 /* firebasetest.xcdatamodel */,
			);
			currentVersion = 7A1E686D199D5F2300C6F2A2 /* firebasetest.xcdatamodel */;
			path = firebasetest.xcdatamodeld;
			sourceTree = "<group>";
			versionGroupType = wrapper.xcdatamodel;
		};
/* End XCVersionGroup section */
	};
	rootObject = 7A1E685D199D5F2200C6F2A2 /* Project object */;
}
